{
  "name": "example",
  "requires": true,
  "lockfileVersion": 1,
  "dependencies": {
    "colorpack": {
      "version": "0.1.0",
      "resolved": "https://registry.npmjs.org/colorpack/-/colorpack-0.1.0.tgz",
      "integrity": "sha512-sgFyi3/TQfuXSIFtazvaq1L3Cz84VdqksQvPkjWe/Nm6Nmo64qUDOji4BUk6g3e901vbHSFbxWGfIjwSPIawHw==",
      "dev": true
    }
  }
}
